
Microsoft Visual Studio Solution File, Format Version 12.00
# Visual Studio 14
VisualStudioVersion = 14.0.25420.1
MinimumVisualStudioVersion = 10.0.40219.1
Project("{8BC9CEB8-8B4A-11D0-8D11-00A0C91BC942}") = "Random​EnemyGenerator", "Random​EnemyGenerator\Random​EnemyGenerator.vcxproj", "{30695D5B-F1FE-4CB2-A6A0-5027E802697C}"
EndProject
Project("{8BC9CEB8-8B4A-11D0-8D11-00A0C91BC942}") = "TheWalkingDead", "TheWalkingDead\TheWalkingDead.vcxproj", "{4E4B840F-8A9F-4C26-B22F-E4C236D20200}"
EndProject
Global
	GlobalSection(SolutionConfigurationPlatforms) = preSolution
		Debug|x64 = Debug|x64
		Debug|x86 = Debug|x86
		Release|x64 = Release|x64
		Release|x86 = Release|x86
	EndGlobalSection
	GlobalSection(ProjectConfigurationPlatforms) = postSolution
		{30695D5B-F1FE-4CB2-A6A0-5027E802697C}.Debug|x64.ActiveCfg = Debug|x64
		{30695D5B-F1FE-4CB2-A6A0-5027E802697C}.Debug|x64.Build.0 = Debug|x64
		{30695D5B-F1FE-4CB2-A6A0-5027E802697C}.Debug|x86.ActiveCfg = Debug|Win32
		{30695D5B-F1FE-4CB2-A6A0-5027E802697C}.Debug|x86.Build.0 = Debug|Win32
		{30695D5B-F1FE-4CB2-A6A0-5027E802697C}.Release|x64.ActiveCfg = Release|x64
		{30695D5B-F1FE-4CB2-A6A0-5027E802697C}.Release|x64.Build.0 = Release|x64
		{30695D5B-F1FE-4CB2-A6A0-5027E802697C}.Release|x86.ActiveCfg = Release|Win32
		{30695D5B-F1FE-4CB2-A6A0-5027E802697C}.Release|x86.Build.0 = Release|Win32
		{4E4B840F-8A9F-4C26-B22F-E4C236D20200}.Debug|x64.ActiveCfg = Debug|x64
		{4E4B840F-8A9F-4C26-B22F-E4C236D20200}.Debug|x64.Build.0 = Debug|x64
		{4E4B840F-8A9F-4C26-B22F-E4C236D20200}.Debug|x86.ActiveCfg = Debug|Win32
		{4E4B840F-8A9F-4C26-B22F-E4C236D20200}.Debug|x86.Build.0 = Debug|Win32
		{4E4B840F-8A9F-4C26-B22F-E4C236D20200}.Release|x64.ActiveCfg = Release|x64
		{4E4B840F-8A9F-4C26-B22F-E4C236D20200}.Release|x64.Build.0 = Release|x64
		{4E4B840F-8A9F-4C26-B22F-E4C236D20200}.Release|x86.ActiveCfg = Release|Win32
		{4E4B840F-8A9F-4C26-B22F-E4C236D20200}.Release|x86.Build.0 = Release|Win32
	EndGlobalSection
	GlobalSection(SolutionProperties) = preSolution
		HideSolutionNode = FALSE
	EndGlobalSection
EndGlobal
